
Microsoft Visual Studio Solution File, Format Version 12.00
# Visual Studio Version 16
VisualStudioVersion = 16.0.31105.61
MinimumVisualStudioVersion = 10.0.40219.1
Project("{FAE04EC0-301F-11D3-BF4B-00C04F79EFBC}") = "Map", "Map\Map.csproj", "{F07663A7-4A7F-4A5C-84F4-265982B4EC56}"
EndProject
Global
	GlobalSection(SolutionConfigurationPlatforms) = preSolution
		Debug|Any CPU = Debug|Any CPU
		Release|Any CPU = Release|Any CPU
	EndGlobalSection
	GlobalSection(ProjectConfigurationPlatforms) = postSolution
		{F07663A7-4A7F-4A5C-84F4-265982B4EC56}.Debug|Any CPU.ActiveCfg = Debug|Any CPU
		{F07663A7-4A7F-4A5C-84F4-265982B4EC56}.Debug|Any CPU.Build.0 = Debug|Any CPU
		{F07663A7-4A7F-4A5C-84F4-265982B4EC56}.Release|Any CPU.ActiveCfg = Release|Any CPU
		{F07663A7-4A7F-4A5C-84F4-265982B4EC56}.Release|Any CPU.Build.0 = Release|Any CPU
	EndGlobalSection
	GlobalSection(SolutionProperties) = preSolution
		HideSolutionNode = FALSE
	EndGlobalSection
	GlobalSection(ExtensibilityGlobals) = postSolution
		SolutionGuid = {287BF3AD-46F2-4DA3-9CFA-A27503BB2E43}
	EndGlobalSection
EndGlobal
